lockfileVersion: '9.0'

settings:
  autoInstallPeers: true
  excludeLinksFromLockfile: false

importers:
  .:
    dependencies:
      react:
        specifier: ^19.2.0
        version: 19.2.4
      react-dom:
        specifier: ^19.2.0
        version: 19.2.4(react@19.2.4)
      react-icons:
        specifier: ^5.5.0
        version: 5.5.0(react@19.2.4)
    devDependencies:
      '@eslint/js':
        specifier: ^9.39.1
        version: 9.39.3
      '@types/react':
        specifier: ^19.2.7
        version: 19.2.14
      '@types/react-dom':
        specifier: ^19.2.3
        version: 19.2.3(@types/react@19.2.14)
      '@vitejs/plugin-react':
        specifier: ^5.1.1
        version: 5.1.4(vite@7.3.1)
      eslint:
        specifier: ^9.39.1
        version: 9.39.3
      eslint-plugin-react-hooks:
        specifier: ^7.0.1
        version: 7.0.1(eslint@9.39.3)
      eslint-plugin-react-refresh:
        specifier: ^0.4.24
        version: 0.4.26(eslint@9.39.3)
      globals:
        specifier: ^16.5.0
        version: 16.5.0
      vite:
        specifier: ^7.3.1
        version: 7.3.1
      prettier:
        specifier: ^3.8.1
        version: 3.8.1

packages:
  prettier@3.8.1:
    resolution:
      integrity: sha512-UOnG6LftzbdaHZcKoPFtOcCKztrQ57WkHDeRD9t/PTQtmT0NHSeWWepj6pS0z/N7+08BHFDQVUrfmfMRcZwbMg==,
    engines: { node: '>=14' }
    hasBin: true

  react-icons@5.5.0:
    resolution:
      integrity: sha512-MEFcXdkP3dLo8uumGI5xN3lDFNsRtrjbOEKDLD7yv76v4wpnEq2Lt2qeHaQOr34I/wPN3s3+N08WkQ+CW37Xiw==,
    peerDependencies:
      react: '*'

  react@19.2.4:
    resolution:
      integrity: sha512-9nfp2hYpCwOjAN+8TZFGhtWEwgvWHXqESH8qT89AT/lWklpLON22Lc8pEtnpsZz7VmawabSU0gCjnj8aC0euHQ==,
    engines: { node: '>=0.10.0' }

  # Ajoutez ici d'autres packages si nécessaire