lockfileVersion: '9.0'

settings:
  autoInstallPeers: true
  excludeLinksFromLockfile: false

importers:
  .:
    dependencies:
      react-icons:
        specifier: ^5.5.0
        version: 5.5.0(react@19.2.4)
    devDependencies:
      prettier:
        specifier: ^3.8.1
        version: 3.8.1

packages:
  prettier@3.8.1:
    resolution:
      {
        integrity: sha512-UOnG6LftzbdaHZcKoPFtOcCKztrQ57WkHDeRD9t/PTQtmT0NHSeWWepj6pS0z/N7+08BHFDQVUrfmfMRcZwbMg==,
      }
    engines: { node: '>=14' }
    hasBin: true

  react-icons@5.5.0:
    resolution:
      {
        integrity: sha512-MEFcXdkP3dLo8uumGI5xN3lDFNsRtrjbOEKDLD7yv76v4wpnEq2Lt2qeHaQOr34I/wPN3s3+N08WkQ+CW37Xiw==,
      }
    peerDependencies:
      react: '*'

  react@19.2.4:
    resolution:
      {
        integrity: sha512-9nfp2hYpCwOjAN+8TZFGhtWEwgvWHXqESH8qT89AT/lWklpLON22Lc8pEtnpsZz7VmawabSU0gCjnj8aC0euHQ==,
      }
    engines: { node: '>=0.10.0' }

snapshots:
  prettier@3.8.1: {}

  react-icons@5.5.0(react@19.2.4):
    dependencies:
      react: 19.2.4

  react@19.2.4: {}
